{
  "name": "qs-diacritics-test",
  "version": "1.0.0",
  "lockfileVersion": 1,
  "requires": true,
  "dependencies": {
    "latinize": {
      "version": "0.4.1",
      "resolved": "https://registry.npmjs.org/latinize/-/latinize-0.4.1.tgz",
      "integrity": "sha512-A4miz97dNF+EbNgQdayPAEtud5eRpCGPwJy7JQFD1hBQcOzOgBS4m721zoREuPqpz1yKm8hYT2ANlh7pirapsA=="
    },
    "quick-score": {
      "version": "github:fwextensions/quick-score#faeaecc3b250f957c15a677d9c0147a61b51dbb0",
      "from": "github:fwextensions/quick-score#feature/ignore-diacritics"
    }
  }
}
